// !$*UTF8*$!
{
	archiveVersion = 1;
	classes = {
	};
	objectVersion = 46;
	objects = {

/* Begin PBXBuildFile section */
		5B5D5D6819D0D0F30048DE6D /* GameManager.cpp in Sources */ = {isa = PBXBuildFile; fileRef = 5B5D5D5B19D0D0F30048DE6D /* GameManager.cpp */; };
		5B5D5D6919D0D0F30048DE6D /* TriangleEntity.cpp in Sources */ = {isa = PBXBuildFile; fileRef = 5B5D5D5C19D0D0F30048DE6D /* TriangleEntity.cpp */; };
		5B5D5D6A19D0D0F30048DE6D /* WindowOptions.cpp in Sources */ = {isa = PBXBuildFile; fileRef = 5B5D5D5E19D0D0F30048DE6D /* WindowOptions.cpp */; };
		5B5D5D6B19D0D0F30048DE6D /* Entity.cpp in Sources */ = {isa = PBXBuildFile; fileRef = 5B5D5D6119D0D0F30048DE6D /* Entity.cpp */; };
		5B5D5D6C19D0D0F30048DE6D /* ObjectsManager.cpp in Sources */ = {isa = PBXBuildFile; fileRef = 5B5D5D6319D0D0F30048DE6D /* ObjectsManager.cpp */; };
		5B5D5D6D19D0D0F30048DE6D /* Vector3.cpp in Sources */ = {isa = PBXBuildFile; fileRef = 5B5D5D6619D0D0F30048DE6D /* Vector3.cpp */; };
		5B5D5D6F19D0D1010048DE6D /* OpenGL.framework in Frameworks */ = {isa = PBXBuildFile; fileRef = 5B5D5D6E19D0D1010048DE6D /* OpenGL.framework */; };
		5B5D5D7119D0D1050048DE6D /* SDL2.framework in Frameworks */ = {isa = PBXBuildFile; fileRef = 5B5D5D7019D0D1050048DE6D /* SDL2.framework */; };
		5B5D84CF19D092110073BC17 /* main.cpp in Sources */ = {isa = PBXBuildFile; fileRef = 5B5D84CE19D092110073BC17 /* main.cpp */; };
/* End PBXBuildFile section */

/* Begin PBXCopyFilesBuildPhase section */
		5B5D84C919D092110073BC17 /* CopyFiles */ = {
			isa = PBXCopyFilesBuildPhase;
			buildActionMask = 2147483647;
			dstPath = /usr/share/man/man1/;
			dstSubfolderSpec = 0;
			files = (
			);
			runOnlyForDeploymentPostprocessing = 1;
		};
/* End PBXCopyFilesBuildPhase section */

/* Begin PBXFileReference section */
		5B5D5D5B19D0D0F30048DE6D /* GameManager.cpp */ = {isa = PBXFileReference; fileEncoding = 4; lastKnownFileType = sourcecode.cpp.cpp; path = GameManager.cpp; sourceTree = "<group>"; };
		5B5D5D5C19D0D0F30048DE6D /* TriangleEntity.cpp */ = {isa = PBXFileReference; fileEncoding = 4; lastKnownFileType = sourcecode.cpp.cpp; path = TriangleEntity.cpp; sourceTree = "<group>"; };
		5B5D5D5D19D0D0F30048DE6D /* GameManager.h */ = {isa = PBXFileReference; fileEncoding = 4; lastKnownFileType = sourcecode.c.h; path = GameManager.h; sourceTree = "<group>"; };
		5B5D5D5E19D0D0F30048DE6D /* WindowOptions.cpp */ = {isa = PBXFileReference; fileEncoding = 4; lastKnownFileType = sourcecode.cpp.cpp; path = WindowOptions.cpp; sourceTree = "<group>"; };
		5B5D5D5F19D0D0F30048DE6D /* WindowOptions.h */ = {isa = PBXFileReference; fileEncoding = 4; lastKnownFileType = sourcecode.c.h; path = WindowOptions.h; sourceTree = "<group>"; };
		5B5D5D6019D0D0F30048DE6D /* Headers.h */ = {isa = PBXFileReference; fileEncoding = 4; lastKnownFileType = sourcecode.c.h; path = Headers.h; sourceTree = "<group>"; };
		5B5D5D6119D0D0F30048DE6D /* Entity.cpp */ = {isa = PBXFileReference; fileEncoding = 4; lastKnownFileType = sourcecode.cpp.cpp; path = Entity.cpp; sourceTree = "<group>"; };
		5B5D5D6219D0D0F30048DE6D /* Entity.h */ = {isa = PBXFileReference; fileEncoding = 4; lastKnownFileType = sourcecode.c.h; path = Entity.h; sourceTree = "<group>"; };
		5B5D5D6319D0D0F30048DE6D /* ObjectsManager.cpp */ = {isa = PBXFileReference; fileEncoding = 4; lastKnownFileType = sourcecode.cpp.cpp; path = ObjectsManager.cpp; sourceTree = "<group>"; };
		5B5D5D6419D0D0F30048DE6D /* ObjectsManager.h */ = {isa = PBXFileReference; fileEncoding = 4; lastKnownFileType = sourcecode.c.h; path = ObjectsManager.h; sourceTree = "<group>"; };
		5B5D5D6519D0D0F30048DE6D /* TriangleEntity.h */ = {isa = PBXFileReference; fileEncoding = 4; lastKnownFileType = sourcecode.c.h; path = TriangleEntity.h; sourceTree = "<group>"; };
		5B5D5D6619D0D0F30048DE6D /* Vector3.cpp */ = {isa = PBXFileReference; fileEncoding = 4; lastKnownFileType = sourcecode.cpp.cpp; path = Vector3.cpp; sourceTree = "<group>"; };
		5B5D5D6719D0D0F30048DE6D /* Vector3.h */ = {isa = PBXFileReference; fileEncoding = 4; lastKnownFileType = sourcecode.c.h; path = Vector3.h; sourceTree = "<group>"; };
		5B5D5D6E19D0D1010048DE6D /* OpenGL.framework */ = {isa = PBXFileReference; lastKnownFileType = wrapper.framework; name = OpenGL.framework; path = System/Library/Frameworks/OpenGL.framework; sourceTree = SDKROOT; };
		5B5D5D7019D0D1050048DE6D /* SDL2.framework */ = {isa = PBXFileReference; lastKnownFileType = wrapper.framework; name = SDL2.framework; path = ../../../../../Library/Frameworks/SDL2.framework; sourceTree = "<group>"; };
		5B5D84CB19D092110073BC17 /* Learning_OpenGL */ = {isa = PBXFileReference; explicitFileType = "compiled.mach-o.executable"; includeInIndex = 0; path = Learning_OpenGL; sourceTree = BUILT_PRODUCTS_DIR; };
		5B5D84CE19D092110073BC17 /* main.cpp */ = {isa = PBXFileReference; lastKnownFileType = sourcecode.cpp.cpp; path = main.cpp; sourceTree = "<group>"; };
/* End PBXFileReference section */

/* Begin PBXFrameworksBuildPhase section */
		5B5D84C819D092110073BC17 /* Frameworks */ = {
			isa = PBXFrameworksBuildPhase;
			buildActionMask = 2147483647;
			files = (
				5B5D5D6F19D0D1010048DE6D /* OpenGL.framework in Frameworks */,
				5B5D5D7119D0D1050048DE6D /* SDL2.framework in Frameworks */,
			);
			runOnlyForDeploymentPostprocessing = 0;
		};
/* End PBXFrameworksBuildPhase section */

/* Begin PBXGroup section */
		5B5D84C219D092110073BC17 = {
			isa = PBXGroup;
			children = (
				5B5D5D7019D0D1050048DE6D /* SDL2.framework */,
				5B5D5D6E19D0D1010048DE6D /* OpenGL.framework */,
				5B5D84CD19D092110073BC17 /* Learning_OpenGL */,
				5B5D84CC19D092110073BC17 /* Products */,
			);
			sourceTree = "<group>";
		};
		5B5D84CC19D092110073BC17 /* Products */ = {
			isa = PBXGroup;
			children = (
				5B5D84CB19D092110073BC17 /* Learning_OpenGL */,
			);
			name = Products;
			sourceTree = "<group>";
		};
		5B5D84CD19D092110073BC17 /* Learning_OpenGL */ = {
			isa = PBXGroup;
			children = (
				5B5D5D5B19D0D0F30048DE6D /* GameManager.cpp */,
				5B5D5D5C19D0D0F30048DE6D /* TriangleEntity.cpp */,
				5B5D5D5D19D0D0F30048DE6D /* GameManager.h */,
				5B5D5D5E19D0D0F30048DE6D /* WindowOptions.cpp */,
				5B5D5D5F19D0D0F30048DE6D /* WindowOptions.h */,
				5B5D5D6019D0D0F30048DE6D /* Headers.h */,
				5B5D5D6119D0D0F30048DE6D /* Entity.cpp */,
				5B5D5D6219D0D0F30048DE6D /* Entity.h */,
				5B5D5D6319D0D0F30048DE6D /* ObjectsManager.cpp */,
				5B5D5D6419D0D0F30048DE6D /* ObjectsManager.h */,
				5B5D5D6519D0D0F30048DE6D /* TriangleEntity.h */,
				5B5D5D6619D0D0F30048DE6D /* Vector3.cpp */,
				5B5D5D6719D0D0F30048DE6D /* Vector3.h */,
				5B5D84CE19D092110073BC17 /* main.cpp */,
			);
			name = Learning_OpenGL;
			path = OpenGl_OpenCL_Test;
			sourceTree = "<group>";
		};
/* End PBXGroup section */

/* Begin PBXNativeTarget section */
		5B5D84CA19D092110073BC17 /* Learning_OpenGL */ = {
			isa = PBXNativeTarget;
			buildConfigurationList = 5B5D84D219D092110073BC17 /* Build configuration list for PBXNativeTarget "Learning_OpenGL" */;
			buildPhases = (
				5B5D84C719D092110073BC17 /* Sources */,
				5B5D84C819D092110073BC17 /* Frameworks */,
				5B5D84C919D092110073BC17 /* CopyFiles */,
			);
			buildRules = (
			);
			dependencies = (
			);
			name = Learning_OpenGL;
			productName = OpenGl_OpenCL_Test;
			productReference = 5B5D84CB19D092110073BC17 /* Learning_OpenGL */;
			productType = "com.apple.product-type.tool";
		};
/* End PBXNativeTarget section */

/* Begin PBXProject section */
		5B5D84C319D092110073BC17 /* Project object */ = {
			isa = PBXProject;
			attributes = {
				LastUpgradeCheck = 0600;
				ORGANIZATIONNAME = "Martin Pernica";
				TargetAttributes = {
					5B5D84CA19D092110073BC17 = {
						CreatedOnToolsVersion = 6.0.1;
					};
				};
			};
			buildConfigurationList = 5B5D84C619D092110073BC17 /* Build configuration list for PBXProject "Learning_OpenGL" */;
			compatibilityVersion = "Xcode 3.2";
			developmentRegion = English;
			hasScannedForEncodings = 0;
			knownRegions = (
				en,
			);
			mainGroup = 5B5D84C219D092110073BC17;
			productRefGroup = 5B5D84CC19D092110073BC17 /* Products */;
			projectDirPath = "";
			projectRoot = "";
			targets = (
				5B5D84CA19D092110073BC17 /* Learning_OpenGL */,
			);
		};
/* End PBXProject section */

/* Begin PBXSourcesBuildPhase section */
		5B5D84C719D092110073BC17 /* Sources */ = {
			isa = PBXSourcesBuildPhase;
			buildActionMask = 2147483647;
			files = (
				5B5D84CF19D092110073BC17 /* main.cpp in Sources */,
				5B5D5D6919D0D0F30048DE6D /* TriangleEntity.cpp in Sources */,
				5B5D5D6A19D0D0F30048DE6D /* WindowOptions.cpp in Sources */,
				5B5D5D6B19D0D0F30048DE6D /* Entity.cpp in Sources */,
				5B5D5D6D19D0D0F30048DE6D /* Vector3.cpp in Sources */,
				5B5D5D6C19D0D0F30048DE6D /* ObjectsManager.cpp in Sources */,
				5B5D5D6819D0D0F30048DE6D /* GameManager.cpp in Sources */,
			);
			runOnlyForDeploymentPostprocessing = 0;
		};
/* End PBXSourcesBuildPhase section */

/* Begin XCBuildConfiguration section */
		5B5D84D019D092110073BC17 /* Debug */ = {
			isa = XCBuildConfiguration;
			buildSettings = {
				ALWAYS_SEARCH_USER_PATHS = NO;
				CLANG_CXX_LANGUAGE_STANDARD = "gnu++0x";
				CLANG_CXX_LIBRARY = "libc++";
				CLANG_ENABLE_MODULES = YES;
				CLANG_ENABLE_OBJC_ARC = YES;
				CLANG_WARN_BOOL_CONVERSION = YES;
				CLANG_WARN_CONSTANT_CONVERSION = YES;
				CLANG_WARN_DIRECT_OBJC_ISA_USAGE = YES_ERROR;
				CLANG_WARN_EMPTY_BODY = YES;
				CLANG_WARN_ENUM_CONVERSION = YES;
				CLANG_WARN_INT_CONVERSION = YES;
				CLANG_WARN_OBJC_ROOT_CLASS = YES_ERROR;
				CLANG_WARN_UNREACHABLE_CODE = YES;
				CLANG_WARN__DUPLICATE_METHOD_MATCH = YES;
				COPY_PHASE_STRIP = NO;
				ENABLE_STRICT_OBJC_MSGSEND = YES;
				GCC_C_LANGUAGE_STANDARD = gnu99;
				GCC_DYNAMIC_NO_PIC = NO;
				GCC_OPTIMIZATION_LEVEL = 0;
				GCC_PREPROCESSOR_DEFINITIONS = (
					"DEBUG=1",
					"$(inherited)",
				);
				GCC_SYMBOLS_PRIVATE_EXTERN = NO;
				GCC_WARN_64_TO_32_BIT_CONVERSION = YES;
				GCC_WARN_ABOUT_RETURN_TYPE = YES_ERROR;
				GCC_WARN_UNDECLARED_SELECTOR = YES;
				GCC_WARN_UNINITIALIZED_AUTOS = YES_AGGRESSIVE;
				GCC_WARN_UNUSED_FUNCTION = YES;
				GCC_WARN_UNUSED_VARIABLE = YES;
				MACOSX_DEPLOYMENT_TARGET = 10.10;
				MTL_ENABLE_DEBUG_INFO = YES;
				ONLY_ACTIVE_ARCH = YES;
				SDKROOT = macosx;
			};
			name = Debug;
		};
		5B5D84D119D092110073BC17 /* Release */ = {
			isa = XCBuildConfiguration;
			buildSettings = {
				ALWAYS_SEARCH_USER_PATHS = NO;
				CLANG_CXX_LANGUAGE_STANDARD = "gnu++0x";
				CLANG_CXX_LIBRARY = "libc++";
				CLANG_ENABLE_MODULES = YES;
				CLANG_ENABLE_OBJC_ARC = YES;
				CLANG_WARN_BOOL_CONVERSION = YES;
				CLANG_WARN_CONSTANT_CONVERSION = YES;
				CLANG_WARN_DIRECT_OBJC_ISA_USAGE = YES_ERROR;
				CLANG_WARN_EMPTY_BODY = YES;
				CLANG_WARN_ENUM_CONVERSION = YES;
				CLANG_WARN_INT_CONVERSION = YES;
				CLANG_WARN_OBJC_ROOT_CLASS = YES_ERROR;
				CLANG_WARN_UNREACHABLE_CODE = YES;
				CLANG_WARN__DUPLICATE_METHOD_MATCH = YES;
				COPY_PHASE_STRIP = YES;
				DEBUG_INFORMATION_FORMAT = "dwarf-with-dsym";
				ENABLE_NS_ASSERTIONS = NO;
				ENABLE_STRICT_OBJC_MSGSEND = YES;
				GCC_C_LANGUAGE_STANDARD = gnu99;
				GCC_WARN_64_TO_32_BIT_CONVERSION = YES;
				GCC_WARN_ABOUT_RETURN_TYPE = YES_ERROR;
				GCC_WARN_UNDECLARED_SELECTOR = YES;
				GCC_WARN_UNINITIALIZED_AUTOS = YES_AGGRESSIVE;
				GCC_WARN_UNUSED_FUNCTION = YES;
				GCC_WARN_UNUSED_VARIABLE = YES;
				MACOSX_DEPLOYMENT_TARGET = 10.10;
				MTL_ENABLE_DEBUG_INFO = NO;
				SDKROOT = macosx;
			};
			name = Release;
		};
		5B5D84D319D092110073BC17 /* Debug */ = {
			isa = XCBuildConfiguration;
			buildSettings = {
				FRAMEWORK_SEARCH_PATHS = (
					"$(inherited)",
					"$(LOCAL_LIBRARY_DIR)/Frameworks",
				);
				PRODUCT_NAME = Learning_OpenGL;
			};
			name = Debug;
		};
		5B5D84D419D092110073BC17 /* Release */ = {
			isa = XCBuildConfiguration;
			buildSettings = {
				FRAMEWORK_SEARCH_PATHS = (
					"$(inherited)",
					"$(LOCAL_LIBRARY_DIR)/Frameworks",
				);
				PRODUCT_NAME = Learning_OpenGL;
			};
			name = Release;
		};
/* End XCBuildConfiguration section */

/* Begin XCConfigurationList section */
		5B5D84C619D092110073BC17 /* Build configuration list for PBXProject "Learning_OpenGL" */ = {
			isa = XCConfigurationList;
			buildConfigurations = (
				5B5D84D019D092110073BC17 /* Debug */,
				5B5D84D119D092110073BC17 /* Release */,
			);
			defaultConfigurationIsVisible = 0;
			defaultConfigurationName = Release;
		};
		5B5D84D219D092110073BC17 /* Build configuration list for PBXNativeTarget "Learning_OpenGL" */ = {
			isa = XCConfigurationList;
			buildConfigurations = (
				5B5D84D319D092110073BC17 /* Debug */,
				5B5D84D419D092110073BC17 /* Release */,
			);
			defaultConfigurationIsVisible = 0;
			defaultConfigurationName = Release;
		};
/* End XCConfigurationList section */
	};
	rootObject = 5B5D84C319D092110073BC17 /* Project object */;
}
